github.com/mnako/letters v0.2.3 h1:giw7XHuNfb07atYN/2BSY3tZBEURVXvl1HOqGP1dI0g=
github.com/mnako/letters v0.2.3/go.mod h1:qh0kfFRXPXnzGpbqASW/nfw339qsII7yMmZYzP30o/A=
github.com/zeebo/assert v1.3.1 h1:vukIABvugfNMZMQO1ABsyQDJDTVQbn+LWSMy1ol1h6A=
github.com/zeebo/assert v1.3.1/go.mod h1:Pq9JiuJQpG8JLJdtkwrJESF0Foym2/D9XMU5ciN/wJ0=
go.atomizer.io/stream v1.2.0 h1:l8Ap98X1SbmP5RcsAMbqXjZs7thOel/6g8PM1+6/7Q8=
go.atomizer.io/stream v1.2.0/go.mod h1:k6soEqaQHFrsAqo3ByzOzBDvGoMoh5wm11/CM8qupa4=
go.devnw.com/gen v1.1.0 h1:VaUsFJUQycvx10g5ljrSilQYkCicIpOzRetcgR11u2g=
go.devnw.com/gen v1.1.0/go.mod h1:osGISydOxdvHZvg/+XMyCm9gjxSqYyRzSXtSUVeGx3A=
golang.org/x/net v0.30.0 h1:AcW1SDZMkb8IpzCdQUaIq2sP4sZ4zw+55h6ynffypl4=
golang.org/x/net v0.30.0/go.mod h1:2wGyMJ5iFasEhkwi13ChkO/t1ECNC4X4eBKkVFyYFlU=
golang.org/x/text v0.19.0 h1:kTxAhCbGbxhK0IwgSKiMO5awPoDQ0RpfiVYBfK860YM=
golang.org/x/text v0.19.0/go.mod h1:BuEKDfySbSR4drPmRPG/7iBdf8hvFMuRexcpahXilzY=
