github.com/mnako/letters v0.2.2 h1:koVahnzazHIq3aQnjVZE5SBJ7ZG/mXK6uSM4Jh70Naw=
github.com/mnako/letters v0.2.2/go.mod h1:8DKs/xAQ9A7TP8zrLiZPvlrX5synZnvRyTT5Ja+QUK4=
github.com/zeebo/assert v1.3.1 h1:vukIABvugfNMZMQO1ABsyQDJDTVQbn+LWSMy1ol1h6A=
github.com/zeebo/assert v1.3.1/go.mod h1:Pq9JiuJQpG8JLJdtkwrJESF0Foym2/D9XMU5ciN/wJ0=
go.atomizer.io/stream v1.0.7 h1:ioEU8tmj6hif3Ha1d0DiFZ+IDeV1ZceIOqXybRrvi4I=
go.atomizer.io/stream v1.0.7/go.mod h1:dZMYp2fUFjWlQke91O/kJb+FslZy8thQZzUl9vVMr84=
go.structs.dev/gen v1.0.1 h1:tp81qXTWF61tgmyCVqBBdQcEMp9Ftlo5/ekkm+wVkYk=
go.structs.dev/gen v1.0.1/go.mod h1:Y1KXGuqAQdeL0G485oZzpgVwVZ4x+/7/ViNdQJuINo4=
golang.org/x/net v0.23.0 h1:7EYJ93RZ9vYSZAIb2x3lnuvqO5zneoD6IvWjuhfxjTs=
golang.org/x/net v0.23.0/go.mod h1:JKghWKKOSdJwpW2GEx0Ja7fmaKnMsbu+MWVZTokSYmg=
golang.org/x/text v0.14.0 h1:ScX5w1eTa3QqT8oi6+ziP7dTV1S2+ALU0bI+0zXKWiQ=
golang.org/x/text v0.14.0/go.mod h1:18ZOQIKpY8NJVqYksKHtTdi31H5itFRjB5/qKTNYzSU=
